
Microsoft Visual Studio Solution File, Format Version 12.00
# Visual Studio Version 17
VisualStudioVersion = 17.5.33516.290
MinimumVisualStudioVersion = 10.0.40219.1
Project("{9A19103F-16F7-4668-BE54-9A1E7A4F7556}") = "Casino.Api", "Casino.Api\Casino.Api.csproj", "{7A5517D5-0FF5-4900-AD0E-534F3F9BF684}"
EndProject
Project("{FAE04EC0-301F-11D3-BF4B-00C04F79EFBC}") = "CasinoUnitTests", "CasinoUnitTests\CasinoUnitTests.csproj", "{FDC0954C-7193-4294-83FB-0FFC03D22E6A}"
EndProject
Global
	GlobalSection(SolutionConfigurationPlatforms) = preSolution
		Debug|Any CPU = Debug|Any CPU
		Release|Any CPU = Release|Any CPU
	EndGlobalSection
	GlobalSection(ProjectConfigurationPlatforms) = postSolution
		{7A5517D5-0FF5-4900-AD0E-534F3F9BF684}.Debug|Any CPU.ActiveCfg = Debug|Any CPU
		{7A5517D5-0FF5-4900-AD0E-534F3F9BF684}.Debug|Any CPU.Build.0 = Debug|Any CPU
		{7A5517D5-0FF5-4900-AD0E-534F3F9BF684}.Release|Any CPU.ActiveCfg = Release|Any CPU
		{7A5517D5-0FF5-4900-AD0E-534F3F9BF684}.Release|Any CPU.Build.0 = Release|Any CPU
		{FDC0954C-7193-4294-83FB-0FFC03D22E6A}.Debug|Any CPU.ActiveCfg = Debug|Any CPU
		{FDC0954C-7193-4294-83FB-0FFC03D22E6A}.Debug|Any CPU.Build.0 = Debug|Any CPU
		{FDC0954C-7193-4294-83FB-0FFC03D22E6A}.Release|Any CPU.ActiveCfg = Release|Any CPU
		{FDC0954C-7193-4294-83FB-0FFC03D22E6A}.Release|Any CPU.Build.0 = Release|Any CPU
	EndGlobalSection
	GlobalSection(SolutionProperties) = preSolution
		HideSolutionNode = FALSE
	EndGlobalSection
	GlobalSection(ExtensibilityGlobals) = postSolution
		SolutionGuid = {5B8265B4-8DFC-4756-AB8D-0C6BE9A86D7F}
	EndGlobalSection
EndGlobal
